
Microsoft Visual Studio Solution File, Format Version 12.00
# Visual Studio Version 17
VisualStudioVersion = 17.7.34018.315
MinimumVisualStudioVersion = 10.0.40219.1
Project("{FAE04EC0-301F-11D3-BF4B-00C04F79EFBC}") = "ConnectSQL", "ConnectSQL\ConnectSQL.csproj", "{705927EB-6269-48AF-A70B-6107FFE88C5E}"
EndProject
Global
	GlobalSection(SolutionConfigurationPlatforms) = preSolution
		Debug|Any CPU = Debug|Any CPU
		Release|Any CPU = Release|Any CPU
	EndGlobalSection
	GlobalSection(ProjectConfigurationPlatforms) = postSolution
		{705927EB-6269-48AF-A70B-6107FFE88C5E}.Debug|Any CPU.ActiveCfg = Debug|Any CPU
		{705927EB-6269-48AF-A70B-6107FFE88C5E}.Debug|Any CPU.Build.0 = Debug|Any CPU
		{705927EB-6269-48AF-A70B-6107FFE88C5E}.Release|Any CPU.ActiveCfg = Release|Any CPU
		{705927EB-6269-48AF-A70B-6107FFE88C5E}.Release|Any CPU.Build.0 = Release|Any CPU
	EndGlobalSection
	GlobalSection(SolutionProperties) = preSolution
		HideSolutionNode = FALSE
	EndGlobalSection
	GlobalSection(ExtensibilityGlobals) = postSolution
		SolutionGuid = {355CDB95-C749-4579-8429-008373CC3C8D}
	EndGlobalSection
EndGlobal
